// !$*UTF8*$!
{
	archiveVersion = 1;
	classes = {
	};
	objectVersion = 50;
	objects = {

/* Begin PBXBuildFile section */
		D31EA5EC2328D48C00C61CC2 /* PokerCard.framework in Frameworks */ = {isa = PBXBuildFile; fileRef = D31EA5EB2328D48C00C61CC2 /* PokerCard.framework */; };
		D31EA5ED2328D48C00C61CC2 /* PokerCard.framework in Embed Frameworks */ = {isa = PBXBuildFile; fileRef = D31EA5EB2328D48C00C61CC2 /* PokerCard.framework */; settings = {ATTRIBUTES = (CodeSignOnCopy, RemoveHeadersOnCopy, ); }; };
		D36B40142328CF6A00E0B4D8 /* ViewController.swift in Sources */ = {isa = PBXBuildFile; fileRef = D36B400F2328CF6A00E0B4D8 /* ViewController.swift */; };
		D36B40152328CF6A00E0B4D8 /* AppDelegate.swift in Sources */ = {isa = PBXBuildFile; fileRef = D36B40102328CF6A00E0B4D8 /* AppDelegate.swift */; };
		D36B401E2328CFA500E0B4D8 /* Main.storyboard in Resources */ = {isa = PBXBuildFile; fileRef = D36B401A2328CFA500E0B4D8 /* Main.storyboard */; };
		D36B40212328D1A800E0B4D8 /* Launch Screen.storyboard in Resources */ = {isa = PBXBuildFile; fileRef = D36B40202328D1A800E0B4D8 /* Launch Screen.storyboard */; };
		D38001E223290CC600980988 /* ExampleUITests.swift in Sources */ = {isa = PBXBuildFile; fileRef = D38001E123290CC600980988 /* ExampleUITests.swift */; };
/* End PBXBuildFile section */

/* Begin PBXContainerItemProxy section */
		D38001E423290CC600980988 /* PBXContainerItemProxy */ = {
			isa = PBXContainerItemProxy;
			containerPortal = D36B3FE22328CEA500E0B4D8 /* Project object */;
			proxyType = 1;
			remoteGlobalIDString = D36B3FE92328CEA500E0B4D8;
			remoteInfo = Example;
		};
/* End PBXContainerItemProxy section */

/* Begin PBXCopyFilesBuildPhase section */
		D31EA5EE2328D48D00C61CC2 /* Embed Frameworks */ = {
			isa = PBXCopyFilesBuildPhase;
			buildActionMask = 2147483647;
			dstPath = "";
			dstSubfolderSpec = 10;
			files = (
				D31EA5ED2328D48C00C61CC2 /* PokerCard.framework in Embed Frameworks */,
			);
			name = "Embed Frameworks";
			runOnlyForDeploymentPostprocessing = 0;
		};
/* End PBXCopyFilesBuildPhase section */

/* Begin PBXFileReference section */
		D31EA5EB2328D48C00C61CC2 /* PokerCard.framework */ = {isa = PBXFileReference; explicitFileType = wrapper.framework; path = PokerCard.framework; sourceTree = BUILT_PRODUCTS_DIR; };
		D36B3FEA2328CEA500E0B4D8 /* Example.app */ = {isa = PBXFileReference; explicitFileType = wrapper.application; includeInIndex = 0; path = Example.app; sourceTree = BUILT_PRODUCTS_DIR; };
		D36B400F2328CF6A00E0B4D8 /* ViewController.swift */ = {isa = PBXFileReference; fileEncoding = 4; lastKnownFileType = sourcecode.swift; path = ViewController.swift; sourceTree = "<group>"; };
		D36B40102328CF6A00E0B4D8 /* AppDelegate.swift */ = {isa = PBXFileReference; fileEncoding = 4; lastKnownFileType = sourcecode.swift; path = AppDelegate.swift; sourceTree = "<group>"; };
		D36B401B2328CFA500E0B4D8 /* Base */ = {isa = PBXFileReference; lastKnownFileType = file.storyboard; name = Base; path = Base.lproj/Main.storyboard; sourceTree = "<group>"; };
		D36B401C2328CFA500E0B4D8 /* Info.plist */ = {isa = PBXFileReference; fileEncoding = 4; lastKnownFileType = text.plist.xml; path = Info.plist; sourceTree = "<group>"; };
		D36B40202328D1A800E0B4D8 /* Launch Screen.storyboard */ = {isa = PBXFileReference; lastKnownFileType = file.storyboard; path = "Launch Screen.storyboard"; sourceTree = "<group>"; };
		D38001DF23290CC600980988 /* ExampleUITests.xctest */ = {isa = PBXFileReference; explicitFileType = wrapper.cfbundle; includeInIndex = 0; path = ExampleUITests.xctest; sourceTree = BUILT_PRODUCTS_DIR; };
		D38001E123290CC600980988 /* ExampleUITests.swift */ = {isa = PBXFileReference; lastKnownFileType = sourcecode.swift; path = ExampleUITests.swift; sourceTree = "<group>"; };
		D38001E323290CC600980988 /* Info.plist */ = {isa = PBXFileReference; lastKnownFileType = text.plist.xml; path = Info.plist; sourceTree = "<group>"; };
/* End PBXFileReference section */

/* Begin PBXFrameworksBuildPhase section */
		D36B3FE72328CEA500E0B4D8 /* Frameworks */ = {
			isa = PBXFrameworksBuildPhase;
			buildActionMask = 2147483647;
			files = (
				D31EA5EC2328D48C00C61CC2 /* PokerCard.framework in Frameworks */,
			);
			runOnlyForDeploymentPostprocessing = 0;
		};
		D38001DC23290CC600980988 /* Frameworks */ = {
			isa = PBXFrameworksBuildPhase;
			buildActionMask = 2147483647;
			files = (
			);
			runOnlyForDeploymentPostprocessing = 0;
		};
/* End PBXFrameworksBuildPhase section */

/* Begin PBXGroup section */
		D31EA5EA2328D48C00C61CC2 /* Frameworks */ = {
			isa = PBXGroup;
			children = (
				D31EA5EB2328D48C00C61CC2 /* PokerCard.framework */,
			);
			name = Frameworks;
			sourceTree = "<group>";
		};
		D36B3FE12328CEA500E0B4D8 = {
			isa = PBXGroup;
			children = (
				D36B400E2328CF6A00E0B4D8 /* Sources */,
				D36B40172328CFA500E0B4D8 /* Resources */,
				D38001E023290CC600980988 /* ExampleUITests */,
				D36B3FEB2328CEA500E0B4D8 /* Products */,
				D31EA5EA2328D48C00C61CC2 /* Frameworks */,
			);
			sourceTree = "<group>";
		};
		D36B3FEB2328CEA500E0B4D8 /* Products */ = {
			isa = PBXGroup;
			children = (
				D36B3FEA2328CEA500E0B4D8 /* Example.app */,
				D38001DF23290CC600980988 /* ExampleUITests.xctest */,
			);
			name = Products;
			sourceTree = "<group>";
		};
		D36B400E2328CF6A00E0B4D8 /* Sources */ = {
			isa = PBXGroup;
			children = (
				D36B40102328CF6A00E0B4D8 /* AppDelegate.swift */,
				D36B400F2328CF6A00E0B4D8 /* ViewController.swift */,
			);
			path = Sources;
			sourceTree = "<group>";
		};
		D36B40172328CFA500E0B4D8 /* Resources */ = {
			isa = PBXGroup;
			children = (
				D36B401A2328CFA500E0B4D8 /* Main.storyboard */,
				D36B401C2328CFA500E0B4D8 /* Info.plist */,
				D36B40202328D1A800E0B4D8 /* Launch Screen.storyboard */,
			);
			path = Resources;
			sourceTree = "<group>";
		};
		D38001E023290CC600980988 /* ExampleUITests */ = {
			isa = PBXGroup;
			children = (
				D38001E123290CC600980988 /* ExampleUITests.swift */,
				D38001E323290CC600980988 /* Info.plist */,
			);
			path = ExampleUITests;
			sourceTree = "<group>";
		};
/* End PBXGroup section */

/* Begin PBXNativeTarget section */
		D36B3FE92328CEA500E0B4D8 /* Example */ = {
			isa = PBXNativeTarget;
			buildConfigurationList = D36B3FFE2328CEA600E0B4D8 /* Build configuration list for PBXNativeTarget "Example" */;
			buildPhases = (
				D36B3FE62328CEA500E0B4D8 /* Sources */,
				D36B3FE72328CEA500E0B4D8 /* Frameworks */,
				D36B3FE82328CEA500E0B4D8 /* Resources */,
				D31EA5EE2328D48D00C61CC2 /* Embed Frameworks */,
			);
			buildRules = (
			);
			dependencies = (
			);
			name = Example;
			productName = Example;
			productReference = D36B3FEA2328CEA500E0B4D8 /* Example.app */;
			productType = "com.apple.product-type.application";
		};
		D38001DE23290CC600980988 /* ExampleUITests */ = {
			isa = PBXNativeTarget;
			buildConfigurationList = D38001E623290CC600980988 /* Build configuration list for PBXNativeTarget "ExampleUITests" */;
			buildPhases = (
				D38001DB23290CC600980988 /* Sources */,
				D38001DC23290CC600980988 /* Frameworks */,
				D38001DD23290CC600980988 /* Resources */,
			);
			buildRules = (
			);
			dependencies = (
				D38001E523290CC600980988 /* PBXTargetDependency */,
			);
			name = ExampleUITests;
			productName = ExampleUITests;
			productReference = D38001DF23290CC600980988 /* ExampleUITests.xctest */;
			productType = "com.apple.product-type.bundle.ui-testing";
		};
/* End PBXNativeTarget section */

/* Begin PBXProject section */
		D36B3FE22328CEA500E0B4D8 /* Project object */ = {
			isa = PBXProject;
			attributes = {
				LastSwiftUpdateCheck = 1100;
				LastUpgradeCheck = 1100;
				ORGANIZATIONNAME = Weslie;
				TargetAttributes = {
					D36B3FE92328CEA500E0B4D8 = {
						CreatedOnToolsVersion = 11.0;
					};
					D38001DE23290CC600980988 = {
						CreatedOnToolsVersion = 11.0;
						TestTargetID = D36B3FE92328CEA500E0B4D8;
					};
				};
			};
			buildConfigurationList = D36B3FE52328CEA500E0B4D8 /* Build configuration list for PBXProject "Example" */;
			compatibilityVersion = "Xcode 9.3";
			developmentRegion = en;
			hasScannedForEncodings = 0;
			knownRegions = (
				en,
				Base,
			);
			mainGroup = D36B3FE12328CEA500E0B4D8;
			productRefGroup = D36B3FEB2328CEA500E0B4D8 /* Products */;
			projectDirPath = "";
			projectRoot = "";
			targets = (
				D36B3FE92328CEA500E0B4D8 /* Example */,
				D38001DE23290CC600980988 /* ExampleUITests */,
			);
		};
/* End PBXProject section */

/* Begin PBXResourcesBuildPhase section */
		D36B3FE82328CEA500E0B4D8 /* Resources */ = {
			isa = PBXResourcesBuildPhase;
			buildActionMask = 2147483647;
			files = (
				D36B40212328D1A800E0B4D8 /* Launch Screen.storyboard in Resources */,
				D36B401E2328CFA500E0B4D8 /* Main.storyboard in Resources */,
			);
			runOnlyForDeploymentPostprocessing = 0;
		};
		D38001DD23290CC600980988 /* Resources */ = {
			isa = PBXResourcesBuildPhase;
			buildActionMask = 2147483647;
			files = (
			);
			runOnlyForDeploymentPostprocessing = 0;
		};
/* End PBXResourcesBuildPhase section */

/* Begin PBXSourcesBuildPhase section */
		D36B3FE62328CEA500E0B4D8 /* Sources */ = {
			isa = PBXSourcesBuildPhase;
			buildActionMask = 2147483647;
			files = (
				D36B40152328CF6A00E0B4D8 /* AppDelegate.swift in Sources */,
				D36B40142328CF6A00E0B4D8 /* ViewController.swift in Sources */,
			);
			runOnlyForDeploymentPostprocessing = 0;
		};
		D38001DB23290CC600980988 /* Sources */ = {
			isa = PBXSourcesBuildPhase;
			buildActionMask = 2147483647;
			files = (
				D38001E223290CC600980988 /* ExampleUITests.swift in Sources */,
			);
			runOnlyForDeploymentPostprocessing = 0;
		};
/* End PBXSourcesBuildPhase section */

/* Begin PBXTargetDependency section */
		D38001E523290CC600980988 /* PBXTargetDependency */ = {
			isa = PBXTargetDependency;
			target = D36B3FE92328CEA500E0B4D8 /* Example */;
			targetProxy = D38001E423290CC600980988 /* PBXContainerItemProxy */;
		};
/* End PBXTargetDependency section */

/* Begin PBXVariantGroup section */
		D36B401A2328CFA500E0B4D8 /* Main.storyboard */ = {
			isa = PBXVariantGroup;
			children = (
				D36B401B2328CFA500E0B4D8 /* Base */,
			);
			name = Main.storyboard;
			sourceTree = "<group>";
		};
/* End PBXVariantGroup section */

/* Begin XCBuildConfiguration section */
		D36B3FFC2328CEA600E0B4D8 /* Debug */ = {
			isa = XCBuildConfiguration;
			buildSettings = {
				ALWAYS_SEARCH_USER_PATHS = NO;
				CLANG_ANALYZER_NONNULL = YES;
				CLANG_ANALYZER_NUMBER_OBJECT_CONVERSION = YES_AGGRESSIVE;
				CLANG_CXX_LANGUAGE_STANDARD = "gnu++14";
				CLANG_CXX_LIBRARY = "libc++";
				CLANG_ENABLE_MODULES = YES;
				CLANG_ENABLE_OBJC_ARC = YES;
				CLANG_ENABLE_OBJC_WEAK = YES;
				CLANG_WARN_BLOCK_CAPTURE_AUTORELEASING = YES;
				CLANG_WARN_BOOL_CONVERSION = YES;
				CLANG_WARN_COMMA = YES;
				CLANG_WARN_CONSTANT_CONVERSION = YES;
				CLANG_WARN_DEPRECATED_OBJC_IMPLEMENTATIONS = YES;
				CLANG_WARN_DIRECT_OBJC_ISA_USAGE = YES_ERROR;
				CLANG_WARN_DOCUMENTATION_COMMENTS = YES;
				CLANG_WARN_EMPTY_BODY = YES;
				CLANG_WARN_ENUM_CONVERSION = YES;
				CLANG_WARN_INFINITE_RECURSION = YES;
				CLANG_WARN_INT_CONVERSION = YES;
				CLANG_WARN_NON_LITERAL_NULL_CONVERSION = YES;
				CLANG_WARN_OBJC_IMPLICIT_RETAIN_SELF = YES;
				CLANG_WARN_OBJC_LITERAL_CONVERSION = YES;
				CLANG_WARN_OBJC_ROOT_CLASS = YES_ERROR;
				CLANG_WARN_RANGE_LOOP_ANALYSIS = YES;
				CLANG_WARN_STRICT_PROTOTYPES = YES;
				CLANG_WARN_SUSPICIOUS_MOVE = YES;
				CLANG_WARN_UNGUARDED_AVAILABILITY = YES_AGGRESSIVE;
				CLANG_WARN_UNREACHABLE_CODE = YES;
				CLANG_WARN__DUPLICATE_METHOD_MATCH = YES;
				COPY_PHASE_STRIP = NO;
				DEBUG_INFORMATION_FORMAT = dwarf;
				ENABLE_STRICT_OBJC_MSGSEND = YES;
				ENABLE_TESTABILITY = YES;
				GCC_C_LANGUAGE_STANDARD = gnu11;
				GCC_DYNAMIC_NO_PIC = NO;
				GCC_NO_COMMON_BLOCKS = YES;
				GCC_OPTIMIZATION_LEVEL = 0;
				GCC_PREPROCESSOR_DEFINITIONS = (
					"DEBUG=1",
					"$(inherited)",
				);
				GCC_WARN_64_TO_32_BIT_CONVERSION = YES;
				GCC_WARN_ABOUT_RETURN_TYPE = YES_ERROR;
				GCC_WARN_UNDECLARED_SELECTOR = YES;
				GCC_WARN_UNINITIALIZED_AUTOS = YES_AGGRESSIVE;
				GCC_WARN_UNUSED_FUNCTION = YES;
				GCC_WARN_UNUSED_VARIABLE = YES;
				IPHONEOS_DEPLOYMENT_TARGET = 13.0;
				MTL_ENABLE_DEBUG_INFO = INCLUDE_SOURCE;
				MTL_FAST_MATH = YES;
				ONLY_ACTIVE_ARCH = YES;
				SDKROOT = iphoneos;
				SWIFT_ACTIVE_COMPILATION_CONDITIONS = DEBUG;
				SWIFT_OPTIMIZATION_LEVEL = "-Onone";
			};
			name = Debug;
		};
		D36B3FFD2328CEA600E0B4D8 /* Release */ = {
			isa = XCBuildConfiguration;
			buildSettings = {
				ALWAYS_SEARCH_USER_PATHS = NO;
				CLANG_ANALYZER_NONNULL = YES;
				CLANG_ANALYZER_NUMBER_OBJECT_CONVERSION = YES_AGGRESSIVE;
				CLANG_CXX_LANGUAGE_STANDARD = "gnu++14";
				CLANG_CXX_LIBRARY = "libc++";
				CLANG_ENABLE_MODULES = YES;
				CLANG_ENABLE_OBJC_ARC = YES;
				CLANG_ENABLE_OBJC_WEAK = YES;
				CLANG_WARN_BLOCK_CAPTURE_AUTORELEASING = YES;
				CLANG_WARN_BOOL_CONVERSION = YES;
				CLANG_WARN_COMMA = YES;
				CLANG_WARN_CONSTANT_CONVERSION = YES;
				CLANG_WARN_DEPRECATED_OBJC_IMPLEMENTATIONS = YES;
				CLANG_WARN_DIRECT_OBJC_ISA_USAGE = YES_ERROR;
				CLANG_WARN_DOCUMENTATION_COMMENTS = YES;
				CLANG_WARN_EMPTY_BODY = YES;
				CLANG_WARN_ENUM_CONVERSION = YES;
				CLANG_WARN_INFINITE_RECURSION = YES;
				CLANG_WARN_INT_CONVERSION = YES;
				CLANG_WARN_NON_LITERAL_NULL_CONVERSION = YES;
				CLANG_WARN_OBJC_IMPLICIT_RETAIN_SELF = YES;
				CLANG_WARN_OBJC_LITERAL_CONVERSION = YES;
				CLANG_WARN_OBJC_ROOT_CLASS = YES_ERROR;
				CLANG_WARN_RANGE_LOOP_ANALYSIS = YES;
				CLANG_WARN_STRICT_PROTOTYPES = YES;
				CLANG_WARN_SUSPICIOUS_MOVE = YES;
				CLANG_WARN_UNGUARDED_AVAILABILITY = YES_AGGRESSIVE;
				CLANG_WARN_UNREACHABLE_CODE = YES;
				CLANG_WARN__DUPLICATE_METHOD_MATCH = YES;
				COPY_PHASE_STRIP = NO;
				DEBUG_INFORMATION_FORMAT = "dwarf-with-dsym";
				ENABLE_NS_ASSERTIONS = NO;
				ENABLE_STRICT_OBJC_MSGSEND = YES;
				GCC_C_LANGUAGE_STANDARD = gnu11;
				GCC_NO_COMMON_BLOCKS = YES;
				GCC_WARN_64_TO_32_BIT_CONVERSION = YES;
				GCC_WARN_ABOUT_RETURN_TYPE = YES_ERROR;
				GCC_WARN_UNDECLARED_SELECTOR = YES;
				GCC_WARN_UNINITIALIZED_AUTOS = YES_AGGRESSIVE;
				GCC_WARN_UNUSED_FUNCTION = YES;
				GCC_WARN_UNUSED_VARIABLE = YES;
				IPHONEOS_DEPLOYMENT_TARGET = 13.0;
				MTL_ENABLE_DEBUG_INFO = NO;
				MTL_FAST_MATH = YES;
				SDKROOT = iphoneos;
				SWIFT_COMPILATION_MODE = wholemodule;
				SWIFT_OPTIMIZATION_LEVEL = "-O";
				VALIDATE_PRODUCT = YES;
			};
			name = Release;
		};
		D36B3FFF2328CEA600E0B4D8 /* Debug */ = {
			isa = XCBuildConfiguration;
			buildSettings = {
				CODE_SIGN_STYLE = Automatic;
				DEVELOPMENT_TEAM = 4UXX38SJ8T;
				INFOPLIST_FILE = "$(SRCROOT)/Resources/Info.plist";
				IPHONEOS_DEPLOYMENT_TARGET = 9.0;
				LD_RUNPATH_SEARCH_PATHS = (
					"$(inherited)",
					"@executable_path/Frameworks",
				);
				PRODUCT_BUNDLE_IDENTIFIER = com.weslie.Example;
				PRODUCT_NAME = "$(TARGET_NAME)";
				SWIFT_VERSION = 5.0;
				TARGETED_DEVICE_FAMILY = "1,2";
			};
			name = Debug;
		};
		D36B40002328CEA600E0B4D8 /* Release */ = {
			isa = XCBuildConfiguration;
			buildSettings = {
				CODE_SIGN_STYLE = Automatic;
				DEVELOPMENT_TEAM = 4UXX38SJ8T;
				INFOPLIST_FILE = "$(SRCROOT)/Resources/Info.plist";
				IPHONEOS_DEPLOYMENT_TARGET = 9.0;
				LD_RUNPATH_SEARCH_PATHS = (
					"$(inherited)",
					"@executable_path/Frameworks",
				);
				PRODUCT_BUNDLE_IDENTIFIER = com.weslie.Example;
				PRODUCT_NAME = "$(TARGET_NAME)";
				SWIFT_VERSION = 5.0;
				TARGETED_DEVICE_FAMILY = "1,2";
			};
			name = Release;
		};
		D38001E723290CC600980988 /* Debug */ = {
			isa = XCBuildConfiguration;
			buildSettings = {
				CODE_SIGN_STYLE = Automatic;
				INFOPLIST_FILE = ExampleUITests/Info.plist;
				LD_RUNPATH_SEARCH_PATHS = (
					"$(inherited)",
					"@executable_path/Frameworks",
					"@loader_path/Frameworks",
				);
				PRODUCT_BUNDLE_IDENTIFIER = com.weslie.ExampleUITests;
				PRODUCT_NAME = "$(TARGET_NAME)";
				SWIFT_VERSION = 5.0;
				TARGETED_DEVICE_FAMILY = "1,2";
				TEST_TARGET_NAME = Example;
			};
			name = Debug;
		};
		D38001E823290CC600980988 /* Release */ = {
			isa = XCBuildConfiguration;
			buildSettings = {
				CODE_SIGN_STYLE = Automatic;
				INFOPLIST_FILE = ExampleUITests/Info.plist;
				LD_RUNPATH_SEARCH_PATHS = (
					"$(inherited)",
					"@executable_path/Frameworks",
					"@loader_path/Frameworks",
				);
				PRODUCT_BUNDLE_IDENTIFIER = com.weslie.ExampleUITests;
				PRODUCT_NAME = "$(TARGET_NAME)";
				SWIFT_VERSION = 5.0;
				TARGETED_DEVICE_FAMILY = "1,2";
				TEST_TARGET_NAME = Example;
			};
			name = Release;
		};
/* End XCBuildConfiguration section */

/* Begin XCConfigurationList section */
		D36B3FE52328CEA500E0B4D8 /* Build configuration list for PBXProject "Example" */ = {
			isa = XCConfigurationList;
			buildConfigurations = (
				D36B3FFC2328CEA600E0B4D8 /* Debug */,
				D36B3FFD2328CEA600E0B4D8 /* Release */,
			);
			defaultConfigurationIsVisible = 0;
			defaultConfigurationName = Release;
		};
		D36B3FFE2328CEA600E0B4D8 /* Build configuration list for PBXNativeTarget "Example" */ = {
			isa = XCConfigurationList;
			buildConfigurations = (
				D36B3FFF2328CEA600E0B4D8 /* Debug */,
				D36B40002328CEA600E0B4D8 /* Release */,
			);
			defaultConfigurationIsVisible = 0;
			defaultConfigurationName = Release;
		};
		D38001E623290CC600980988 /* Build configuration list for PBXNativeTarget "ExampleUITests" */ = {
			isa = XCConfigurationList;
			buildConfigurations = (
				D38001E723290CC600980988 /* Debug */,
				D38001E823290CC600980988 /* Release */,
			);
			defaultConfigurationIsVisible = 0;
			defaultConfigurationName = Release;
		};
/* End XCConfigurationList section */
	};
	rootObject = D36B3FE22328CEA500E0B4D8 /* Project object */;
}
